// !$*UTF8*$!
{
	archiveVersion = 1;
	classes = {
	};
	objectVersion = 46;
	objects = {

/* Begin PBXBuildFile section */
		4B8602601EBA4477009CC30F /* AppDelegate.swift in Sources */ = {isa = PBXBuildFile; fileRef = 4B86025F1EBA4477009CC30F /* AppDelegate.swift */; };
		4B8602621EBA4477009CC30F /* ViewController.swift in Sources */ = {isa = PBXBuildFile; fileRef = 4B8602611EBA4477009CC30F /* ViewController.swift */; };
		4B8602651EBA4477009CC30F /* Main.storyboard in Resources */ = {isa = PBXBuildFile; fileRef = 4B8602631EBA4477009CC30F /* Main.storyboard */; };
		4B8602671EBA4477009CC30F /* Assets.xcassets in Resources */ = {isa = PBXBuildFile; fileRef = 4B8602661EBA4477009CC30F /* Assets.xcassets */; };
		4B86026A1EBA4477009CC30F /* LaunchScreen.storyboard in Resources */ = {isa = PBXBuildFile; fileRef = 4B8602681EBA4477009CC30F /* LaunchScreen.storyboard */; };
		4B98E70E1EC9E40B00D03F6D /* DraggableImageVie.swift in Sources */ = {isa = PBXBuildFile; fileRef = 4B98E70D1EC9E40B00D03F6D /* DraggableImageVie.swift */; };
		4B98E7121ECA5CF400D03F6D /* Vector2D.swift in Sources */ = {isa = PBXBuildFile; fileRef = 4B98E7111ECA5CF400D03F6D /* Vector2D.swift */; };
		4B98E7141ECA5D0B00D03F6D /* Space.swift in Sources */ = {isa = PBXBuildFile; fileRef = 4B98E7131ECA5D0B00D03F6D /* Space.swift */; };
/* End PBXBuildFile section */

/* Begin PBXFileReference section */
		4B86025C1EBA4477009CC30F /* Space Buddy Alpha.app */ = {isa = PBXFileReference; explicitFileType = wrapper.application; includeInIndex = 0; path = "Space Buddy Alpha.app"; sourceTree = BUILT_PRODUCTS_DIR; };
		4B86025F1EBA4477009CC30F /* AppDelegate.swift */ = {isa = PBXFileReference; lastKnownFileType = sourcecode.swift; path = AppDelegate.swift; sourceTree = "<group>"; };
		4B8602611EBA4477009CC30F /* ViewController.swift */ = {isa = PBXFileReference; lastKnownFileType = sourcecode.swift; path = ViewController.swift; sourceTree = "<group>"; };
		4B8602641EBA4477009CC30F /* Base */ = {isa = PBXFileReference; lastKnownFileType = file.storyboard; name = Base; path = Base.lproj/Main.storyboard; sourceTree = "<group>"; };
		4B8602661EBA4477009CC30F /* Assets.xcassets */ = {isa = PBXFileReference; lastKnownFileType = folder.assetcatalog; path = Assets.xcassets; sourceTree = "<group>"; };
		4B8602691EBA4477009CC30F /* Base */ = {isa = PBXFileReference; lastKnownFileType = file.storyboard; name = Base; path = Base.lproj/LaunchScreen.storyboard; sourceTree = "<group>"; };
		4B86026B1EBA4477009CC30F /* Info.plist */ = {isa = PBXFileReference; lastKnownFileType = text.plist.xml; path = Info.plist; sourceTree = "<group>"; };
		4B98E70D1EC9E40B00D03F6D /* DraggableImageVie.swift */ = {isa = PBXFileReference; fileEncoding = 4; lastKnownFileType = sourcecode.swift; path = DraggableImageVie.swift; sourceTree = "<group>"; };
		4B98E7111ECA5CF400D03F6D /* Vector2D.swift */ = {isa = PBXFileReference; fileEncoding = 4; lastKnownFileType = sourcecode.swift; path = Vector2D.swift; sourceTree = "<group>"; };
		4B98E7131ECA5D0B00D03F6D /* Space.swift */ = {isa = PBXFileReference; fileEncoding = 4; lastKnownFileType = sourcecode.swift; path = Space.swift; sourceTree = "<group>"; };
/* End PBXFileReference section */

/* Begin PBXFrameworksBuildPhase section */
		4B8602591EBA4477009CC30F /* Frameworks */ = {
			isa = PBXFrameworksBuildPhase;
			buildActionMask = 2147483647;
			files = (
			);
			runOnlyForDeploymentPostprocessing = 0;
		};
/* End PBXFrameworksBuildPhase section */

/* Begin PBXGroup section */
		4B8602531EBA4477009CC30F = {
			isa = PBXGroup;
			children = (
				4B86025E1EBA4477009CC30F /* Space Buddy Alpha */,
				4B86025D1EBA4477009CC30F /* Products */,
			);
			sourceTree = "<group>";
		};
		4B86025D1EBA4477009CC30F /* Products */ = {
			isa = PBXGroup;
			children = (
				4B86025C1EBA4477009CC30F /* Space Buddy Alpha.app */,
			);
			name = Products;
			sourceTree = "<group>";
		};
		4B86025E1EBA4477009CC30F /* Space Buddy Alpha */ = {
			isa = PBXGroup;
			children = (
				4B86025F1EBA4477009CC30F /* AppDelegate.swift */,
				4B8602611EBA4477009CC30F /* ViewController.swift */,
				4B98E7111ECA5CF400D03F6D /* Vector2D.swift */,
				4B98E70D1EC9E40B00D03F6D /* DraggableImageVie.swift */,
				4B98E7131ECA5D0B00D03F6D /* Space.swift */,
				4B8602631EBA4477009CC30F /* Main.storyboard */,
				4B8602661EBA4477009CC30F /* Assets.xcassets */,
				4B8602681EBA4477009CC30F /* LaunchScreen.storyboard */,
				4B86026B1EBA4477009CC30F /* Info.plist */,
			);
			path = "Space Buddy Alpha";
			sourceTree = "<group>";
		};
/* End PBXGroup section */

/* Begin PBXNativeTarget section */
		4B86025B1EBA4477009CC30F /* Space Buddy Alpha */ = {
			isa = PBXNativeTarget;
			buildConfigurationList = 4B86026E1EBA4477009CC30F /* Build configuration list for PBXNativeTarget "Space Buddy Alpha" */;
			buildPhases = (
				4B8602581EBA4477009CC30F /* Sources */,
				4B8602591EBA4477009CC30F /* Frameworks */,
				4B86025A1EBA4477009CC30F /* Resources */,
			);
			buildRules = (
			);
			dependencies = (
			);
			name = "Space Buddy Alpha";
			productName = "Space Buddy Alpha";
			productReference = 4B86025C1EBA4477009CC30F /* Space Buddy Alpha.app */;
			productType = "com.apple.product-type.application";
		};
/* End PBXNativeTarget section */

/* Begin PBXProject section */
		4B8602541EBA4477009CC30F /* Project object */ = {
			isa = PBXProject;
			attributes = {
				LastSwiftUpdateCheck = 0830;
				LastUpgradeCheck = 0830;
				ORGANIZATIONNAME = "Ido Tamir";
				TargetAttributes = {
					4B86025B1EBA4477009CC30F = {
						CreatedOnToolsVersion = 8.3.2;
						ProvisioningStyle = Automatic;
					};
				};
			};
			buildConfigurationList = 4B8602571EBA4477009CC30F /* Build configuration list for PBXProject "Space Buddy Alpha" */;
			compatibilityVersion = "Xcode 3.2";
			developmentRegion = English;
			hasScannedForEncodings = 0;
			knownRegions = (
				en,
				Base,
			);
			mainGroup = 4B8602531EBA4477009CC30F;
			productRefGroup = 4B86025D1EBA4477009CC30F /* Products */;
			projectDirPath = "";
			projectRoot = "";
			targets = (
				4B86025B1EBA4477009CC30F /* Space Buddy Alpha */,
			);
		};
/* End PBXProject section */

/* Begin PBXResourcesBuildPhase section */
		4B86025A1EBA4477009CC30F /* Resources */ = {
			isa = PBXResourcesBuildPhase;
			buildActionMask = 2147483647;
			files = (
				4B86026A1EBA4477009CC30F /* LaunchScreen.storyboard in Resources */,
				4B8602671EBA4477009CC30F /* Assets.xcassets in Resources */,
				4B8602651EBA4477009CC30F /* Main.storyboard in Resources */,
			);
			runOnlyForDeploymentPostprocessing = 0;
		};
/* End PBXResourcesBuildPhase section */

/* Begin PBXSourcesBuildPhase section */
		4B8602581EBA4477009CC30F /* Sources */ = {
			isa = PBXSourcesBuildPhase;
			buildActionMask = 2147483647;
			files = (
				4B8602621EBA4477009CC30F /* ViewController.swift in Sources */,
				4B8602601EBA4477009CC30F /* AppDelegate.swift in Sources */,
				4B98E7141ECA5D0B00D03F6D /* Space.swift in Sources */,
				4B98E70E1EC9E40B00D03F6D /* DraggableImageVie.swift in Sources */,
				4B98E7121ECA5CF400D03F6D /* Vector2D.swift in Sources */,
			);
			runOnlyForDeploymentPostprocessing = 0;
		};
/* End PBXSourcesBuildPhase section */

/* Begin PBXVariantGroup section */
		4B8602631EBA4477009CC30F /* Main.storyboard */ = {
			isa = PBXVariantGroup;
			children = (
				4B8602641EBA4477009CC30F /* Base */,
			);
			name = Main.storyboard;
			sourceTree = "<group>";
		};
		4B8602681EBA4477009CC30F /* LaunchScreen.storyboard */ = {
			isa = PBXVariantGroup;
			children = (
				4B8602691EBA4477009CC30F /* Base */,
			);
			name = LaunchScreen.storyboard;
			sourceTree = "<group>";
		};
/* End PBXVariantGroup section */

/* Begin XCBuildConfiguration section */
		4B86026C1EBA4477009CC30F /* Debug */ = {
			isa = XCBuildConfiguration;
			buildSettings = {
				ALWAYS_SEARCH_USER_PATHS = NO;
				CLANG_ANALYZER_NONNULL = YES;
				CLANG_ANALYZER_NUMBER_OBJECT_CONVERSION = YES_AGGRESSIVE;
				CLANG_CXX_LANGUAGE_STANDARD = "gnu++0x";
				CLANG_CXX_LIBRARY = "libc++";
				CLANG_ENABLE_MODULES = YES;
				CLANG_ENABLE_OBJC_ARC = YES;
				CLANG_WARN_BOOL_CONVERSION = YES;
				CLANG_WARN_CONSTANT_CONVERSION = YES;
				CLANG_WARN_DIRECT_OBJC_ISA_USAGE = YES_ERROR;
				CLANG_WARN_DOCUMENTATION_COMMENTS = YES;
				CLANG_WARN_EMPTY_BODY = YES;
				CLANG_WARN_ENUM_CONVERSION = YES;
				CLANG_WARN_INFINITE_RECURSION = YES;
				CLANG_WARN_INT_CONVERSION = YES;
				CLANG_WARN_OBJC_ROOT_CLASS = YES_ERROR;
				CLANG_WARN_SUSPICIOUS_MOVE = YES;
				CLANG_WARN_UNREACHABLE_CODE = YES;
				CLANG_WARN__DUPLICATE_METHOD_MATCH = YES;
				"CODE_SIGN_IDENTITY[sdk=iphoneos*]" = "iPhone Developer";
				COPY_PHASE_STRIP = NO;
				DEBUG_INFORMATION_FORMAT = dwarf;
				ENABLE_STRICT_OBJC_MSGSEND = YES;
				ENABLE_TESTABILITY = YES;
				GCC_C_LANGUAGE_STANDARD = gnu99;
				GCC_DYNAMIC_NO_PIC = NO;
				GCC_NO_COMMON_BLOCKS = YES;
				GCC_OPTIMIZATION_LEVEL = 0;
				GCC_PREPROCESSOR_DEFINITIONS = (
					"DEBUG=1",
					"$(inherited)",
				);
				GCC_WARN_64_TO_32_BIT_CONVERSION = YES;
				GCC_WARN_ABOUT_RETURN_TYPE = YES_ERROR;
				GCC_WARN_UNDECLARED_SELECTOR = YES;
				GCC_WARN_UNINITIALIZED_AUTOS = YES_AGGRESSIVE;
				GCC_WARN_UNUSED_FUNCTION = YES;
				GCC_WARN_UNUSED_VARIABLE = YES;
				IPHONEOS_DEPLOYMENT_TARGET = 10.3;
				MTL_ENABLE_DEBUG_INFO = YES;
				ONLY_ACTIVE_ARCH = YES;
				SDKROOT = iphoneos;
				SWIFT_ACTIVE_COMPILATION_CONDITIONS = DEBUG;
				SWIFT_OPTIMIZATION_LEVEL = "-Onone";
				TARGETED_DEVICE_FAMILY = 2;
			};
			name = Debug;
		};
		4B86026D1EBA4477009CC30F /* Release */ = {
			isa = XCBuildConfiguration;
			buildSettings = {
				ALWAYS_SEARCH_USER_PATHS = NO;
				CLANG_ANALYZER_NONNULL = YES;
				CLANG_ANALYZER_NUMBER_OBJECT_CONVERSION = YES_AGGRESSIVE;
				CLANG_CXX_LANGUAGE_STANDARD = "gnu++0x";
				CLANG_CXX_LIBRARY = "libc++";
				CLANG_ENABLE_MODULES = YES;
				CLANG_ENABLE_OBJC_ARC = YES;
				CLANG_WARN_BOOL_CONVERSION = YES;
				CLANG_WARN_CONSTANT_CONVERSION = YES;
				CLANG_WARN_DIRECT_OBJC_ISA_USAGE = YES_ERROR;
				CLANG_WARN_DOCUMENTATION_COMMENTS = YES;
				CLANG_WARN_EMPTY_BODY = YES;
				CLANG_WARN_ENUM_CONVERSION = YES;
				CLANG_WARN_INFINITE_RECURSION = YES;
				CLANG_WARN_INT_CONVERSION = YES;
				CLANG_WARN_OBJC_ROOT_CLASS = YES_ERROR;
				CLANG_WARN_SUSPICIOUS_MOVE = YES;
				CLANG_WARN_UNREACHABLE_CODE = YES;
				CLANG_WARN__DUPLICATE_METHOD_MATCH = YES;
				"CODE_SIGN_IDENTITY[sdk=iphoneos*]" = "iPhone Developer";
				COPY_PHASE_STRIP = NO;
				DEBUG_INFORMATION_FORMAT = "dwarf-with-dsym";
				ENABLE_NS_ASSERTIONS = NO;
				ENABLE_STRICT_OBJC_MSGSEND = YES;
				GCC_C_LANGUAGE_STANDARD = gnu99;
				GCC_NO_COMMON_BLOCKS = YES;
				GCC_WARN_64_TO_32_BIT_CONVERSION = YES;
				GCC_WARN_ABOUT_RETURN_TYPE = YES_ERROR;
				GCC_WARN_UNDECLARED_SELECTOR = YES;
				GCC_WARN_UNINITIALIZED_AUTOS = YES_AGGRESSIVE;
				GCC_WARN_UNUSED_FUNCTION = YES;
				GCC_WARN_UNUSED_VARIABLE = YES;
				IPHONEOS_DEPLOYMENT_TARGET = 10.3;
				MTL_ENABLE_DEBUG_INFO = NO;
				SDKROOT = iphoneos;
				SWIFT_OPTIMIZATION_LEVEL = "-Owholemodule";
				TARGETED_DEVICE_FAMILY = 2;
				VALIDATE_PRODUCT = YES;
			};
			name = Release;
		};
		4B86026F1EBA4477009CC30F /* Debug */ = {
			isa = XCBuildConfiguration;
			buildSettings = {
				ASSETCATALOG_COMPILER_APPICON_NAME = AppIcon;
				INFOPLIST_FILE = "Space Buddy Alpha/Info.plist";
				LD_RUNPATH_SEARCH_PATHS = "$(inherited) @executable_path/Frameworks";
				PRODUCT_BUNDLE_IDENTIFIER = "com.Tamir.Space-Buddy-Alpha";
				PRODUCT_NAME = "$(TARGET_NAME)";
				SWIFT_VERSION = 3.0;
			};
			name = Debug;
		};
		4B8602701EBA4477009CC30F /* Release */ = {
			isa = XCBuildConfiguration;
			buildSettings = {
				ASSETCATALOG_COMPILER_APPICON_NAME = AppIcon;
				INFOPLIST_FILE = "Space Buddy Alpha/Info.plist";
				LD_RUNPATH_SEARCH_PATHS = "$(inherited) @executable_path/Frameworks";
				PRODUCT_BUNDLE_IDENTIFIER = "com.Tamir.Space-Buddy-Alpha";
				PRODUCT_NAME = "$(TARGET_NAME)";
				SWIFT_VERSION = 3.0;
			};
			name = Release;
		};
/* End XCBuildConfiguration section */

/* Begin XCConfigurationList section */
		4B8602571EBA4477009CC30F /* Build configuration list for PBXProject "Space Buddy Alpha" */ = {
			isa = XCConfigurationList;
			buildConfigurations = (
				4B86026C1EBA4477009CC30F /* Debug */,
				4B86026D1EBA4477009CC30F /* Release */,
			);
			defaultConfigurationIsVisible = 0;
			defaultConfigurationName = Release;
		};
		4B86026E1EBA4477009CC30F /* Build configuration list for PBXNativeTarget "Space Buddy Alpha" */ = {
			isa = XCConfigurationList;
			buildConfigurations = (
				4B86026F1EBA4477009CC30F /* Debug */,
				4B8602701EBA4477009CC30F /* Release */,
			);
			defaultConfigurationIsVisible = 0;
			defaultConfigurationName = Release;
		};
/* End XCConfigurationList section */
	};
	rootObject = 4B8602541EBA4477009CC30F /* Project object */;
}
